
Microsoft Visual Studio Solution File, Format Version 12.00
# Visual Studio Version 16
VisualStudioVersion = 16.0.29324.140
MinimumVisualStudioVersion = 15.0.26124.0
Project("{FAE04EC0-301F-11D3-BF4B-00C04F79EFBC}") = "StringCalculatorKata.Library", "StringCalculatorKata.Library\StringCalculatorKata.Library.csproj", "{72DFDC31-13F1-470E-8B19-F9126094A43D}"
EndProject
Project("{FAE04EC0-301F-11D3-BF4B-00C04F79EFBC}") = "StringCalculatorKata.App", "StringCalculatorKata.App\StringCalculatorKata.App.csproj", "{540AE36C-AE83-41BC-8C5D-B20010F3FB8B}"
EndProject
Global
	GlobalSection(SolutionConfigurationPlatforms) = preSolution
		Debug|Any CPU = Debug|Any CPU
		Debug|x64 = Debug|x64
		Debug|x86 = Debug|x86
		Release|Any CPU = Release|Any CPU
		Release|x64 = Release|x64
		Release|x86 = Release|x86
	EndGlobalSection
	GlobalSection(ProjectConfigurationPlatforms) = postSolution
		{72DFDC31-13F1-470E-8B19-F9126094A43D}.Debug|Any CPU.ActiveCfg = Debug|Any CPU
		{72DFDC31-13F1-470E-8B19-F9126094A43D}.Debug|Any CPU.Build.0 = Debug|Any CPU
		{72DFDC31-13F1-470E-8B19-F9126094A43D}.Debug|x64.ActiveCfg = Debug|Any CPU
		{72DFDC31-13F1-470E-8B19-F9126094A43D}.Debug|x64.Build.0 = Debug|Any CPU
		{72DFDC31-13F1-470E-8B19-F9126094A43D}.Debug|x86.ActiveCfg = Debug|Any CPU
		{72DFDC31-13F1-470E-8B19-F9126094A43D}.Debug|x86.Build.0 = Debug|Any CPU
		{72DFDC31-13F1-470E-8B19-F9126094A43D}.Release|Any CPU.ActiveCfg = Release|Any CPU
		{72DFDC31-13F1-470E-8B19-F9126094A43D}.Release|Any CPU.Build.0 = Release|Any CPU
		{72DFDC31-13F1-470E-8B19-F9126094A43D}.Release|x64.ActiveCfg = Release|Any CPU
		{72DFDC31-13F1-470E-8B19-F9126094A43D}.Release|x64.Build.0 = Release|Any CPU
		{72DFDC31-13F1-470E-8B19-F9126094A43D}.Release|x86.ActiveCfg = Release|Any CPU
		{72DFDC31-13F1-470E-8B19-F9126094A43D}.Release|x86.Build.0 = Release|Any CPU
		{540AE36C-AE83-41BC-8C5D-B20010F3FB8B}.Debug|Any CPU.ActiveCfg = Debug|Any CPU
		{540AE36C-AE83-41BC-8C5D-B20010F3FB8B}.Debug|Any CPU.Build.0 = Debug|Any CPU
		{540AE36C-AE83-41BC-8C5D-B20010F3FB8B}.Debug|x64.ActiveCfg = Debug|Any CPU
		{540AE36C-AE83-41BC-8C5D-B20010F3FB8B}.Debug|x64.Build.0 = Debug|Any CPU
		{540AE36C-AE83-41BC-8C5D-B20010F3FB8B}.Debug|x86.ActiveCfg = Debug|Any CPU
		{540AE36C-AE83-41BC-8C5D-B20010F3FB8B}.Debug|x86.Build.0 = Debug|Any CPU
		{540AE36C-AE83-41BC-8C5D-B20010F3FB8B}.Release|Any CPU.ActiveCfg = Release|Any CPU
		{540AE36C-AE83-41BC-8C5D-B20010F3FB8B}.Release|Any CPU.Build.0 = Release|Any CPU
		{540AE36C-AE83-41BC-8C5D-B20010F3FB8B}.Release|x64.ActiveCfg = Release|Any CPU
		{540AE36C-AE83-41BC-8C5D-B20010F3FB8B}.Release|x64.Build.0 = Release|Any CPU
		{540AE36C-AE83-41BC-8C5D-B20010F3FB8B}.Release|x86.ActiveCfg = Release|Any CPU
		{540AE36C-AE83-41BC-8C5D-B20010F3FB8B}.Release|x86.Build.0 = Release|Any CPU
	EndGlobalSection
	GlobalSection(SolutionProperties) = preSolution
		HideSolutionNode = FALSE
	EndGlobalSection
	GlobalSection(ExtensibilityGlobals) = postSolution
		SolutionGuid = {04FFB77F-AAB9-4F9F-9981-9C504A236195}
	EndGlobalSection
EndGlobal
