
Microsoft Visual Studio Solution File, Format Version 12.00
# Visual Studio Version 16
VisualStudioVersion = 16.0.29324.140
MinimumVisualStudioVersion = 15.0.26124.0
Project("{9A19103F-16F7-4668-BE54-9A1E7A4F7556}") = "StringCalculatorKata.Library", "StringCalculatorKata.Library\StringCalculatorKata.Library.csproj", "{72DFDC31-13F1-470E-8B19-F9126094A43D}"
EndProject
Project("{9A19103F-16F7-4668-BE54-9A1E7A4F7556}") = "StringCalculatorKata.Tests", "StringCalculatorKata.Tests\StringCalculatorKata.Tests.csproj", "{ACD21DF7-822E-4C90-8DEB-5F0952E9B6E5}"
EndProject
Project("{9A19103F-16F7-4668-BE54-9A1E7A4F7556}") = "StringCalculatorKata.App", "StringCalculatorKata.App\StringCalculatorKata.App.csproj", "{52036EC8-06C6-4687-A71A-E404153BE00A}"
EndProject
Project("{FAE04EC0-301F-11D3-BF4B-00C04F79EFBC}") = "StringCalculatorSpecs", "StringCalculatorSpecs\StringCalculatorSpecs.csproj", "{011A77FC-F2C3-4205-B10F-4ED13BBBC46F}"
EndProject
Global
	GlobalSection(SolutionConfigurationPlatforms) = preSolution
		Debug|Any CPU = Debug|Any CPU
		Debug|x64 = Debug|x64
		Debug|x86 = Debug|x86
		Release|Any CPU = Release|Any CPU
		Release|x64 = Release|x64
		Release|x86 = Release|x86
	EndGlobalSection
	GlobalSection(ProjectConfigurationPlatforms) = postSolution
		{72DFDC31-13F1-470E-8B19-F9126094A43D}.Debug|Any CPU.ActiveCfg = Debug|Any CPU
		{72DFDC31-13F1-470E-8B19-F9126094A43D}.Debug|Any CPU.Build.0 = Debug|Any CPU
		{72DFDC31-13F1-470E-8B19-F9126094A43D}.Debug|x64.ActiveCfg = Debug|Any CPU
		{72DFDC31-13F1-470E-8B19-F9126094A43D}.Debug|x64.Build.0 = Debug|Any CPU
		{72DFDC31-13F1-470E-8B19-F9126094A43D}.Debug|x86.ActiveCfg = Debug|Any CPU
		{72DFDC31-13F1-470E-8B19-F9126094A43D}.Debug|x86.Build.0 = Debug|Any CPU
		{72DFDC31-13F1-470E-8B19-F9126094A43D}.Release|Any CPU.ActiveCfg = Release|Any CPU
		{72DFDC31-13F1-470E-8B19-F9126094A43D}.Release|Any CPU.Build.0 = Release|Any CPU
		{72DFDC31-13F1-470E-8B19-F9126094A43D}.Release|x64.ActiveCfg = Release|Any CPU
		{72DFDC31-13F1-470E-8B19-F9126094A43D}.Release|x64.Build.0 = Release|Any CPU
		{72DFDC31-13F1-470E-8B19-F9126094A43D}.Release|x86.ActiveCfg = Release|Any CPU
		{72DFDC31-13F1-470E-8B19-F9126094A43D}.Release|x86.Build.0 = Release|Any CPU
		{ACD21DF7-822E-4C90-8DEB-5F0952E9B6E5}.Debug|Any CPU.ActiveCfg = Debug|Any CPU
		{ACD21DF7-822E-4C90-8DEB-5F0952E9B6E5}.Debug|Any CPU.Build.0 = Debug|Any CPU
		{ACD21DF7-822E-4C90-8DEB-5F0952E9B6E5}.Debug|x64.ActiveCfg = Debug|Any CPU
		{ACD21DF7-822E-4C90-8DEB-5F0952E9B6E5}.Debug|x64.Build.0 = Debug|Any CPU
		{ACD21DF7-822E-4C90-8DEB-5F0952E9B6E5}.Debug|x86.ActiveCfg = Debug|Any CPU
		{ACD21DF7-822E-4C90-8DEB-5F0952E9B6E5}.Debug|x86.Build.0 = Debug|Any CPU
		{ACD21DF7-822E-4C90-8DEB-5F0952E9B6E5}.Release|Any CPU.ActiveCfg = Release|Any CPU
		{ACD21DF7-822E-4C90-8DEB-5F0952E9B6E5}.Release|Any CPU.Build.0 = Release|Any CPU
		{ACD21DF7-822E-4C90-8DEB-5F0952E9B6E5}.Release|x64.ActiveCfg = Release|Any CPU
		{ACD21DF7-822E-4C90-8DEB-5F0952E9B6E5}.Release|x64.Build.0 = Release|Any CPU
		{ACD21DF7-822E-4C90-8DEB-5F0952E9B6E5}.Release|x86.ActiveCfg = Release|Any CPU
		{ACD21DF7-822E-4C90-8DEB-5F0952E9B6E5}.Release|x86.Build.0 = Release|Any CPU
		{52036EC8-06C6-4687-A71A-E404153BE00A}.Debug|Any CPU.ActiveCfg = Debug|Any CPU
		{52036EC8-06C6-4687-A71A-E404153BE00A}.Debug|Any CPU.Build.0 = Debug|Any CPU
		{52036EC8-06C6-4687-A71A-E404153BE00A}.Debug|x64.ActiveCfg = Debug|Any CPU
		{52036EC8-06C6-4687-A71A-E404153BE00A}.Debug|x64.Build.0 = Debug|Any CPU
		{52036EC8-06C6-4687-A71A-E404153BE00A}.Debug|x86.ActiveCfg = Debug|Any CPU
		{52036EC8-06C6-4687-A71A-E404153BE00A}.Debug|x86.Build.0 = Debug|Any CPU
		{52036EC8-06C6-4687-A71A-E404153BE00A}.Release|Any CPU.ActiveCfg = Release|Any CPU
		{52036EC8-06C6-4687-A71A-E404153BE00A}.Release|Any CPU.Build.0 = Release|Any CPU
		{52036EC8-06C6-4687-A71A-E404153BE00A}.Release|x64.ActiveCfg = Release|Any CPU
		{52036EC8-06C6-4687-A71A-E404153BE00A}.Release|x64.Build.0 = Release|Any CPU
		{52036EC8-06C6-4687-A71A-E404153BE00A}.Release|x86.ActiveCfg = Release|Any CPU
		{52036EC8-06C6-4687-A71A-E404153BE00A}.Release|x86.Build.0 = Release|Any CPU
		{011A77FC-F2C3-4205-B10F-4ED13BBBC46F}.Debug|Any CPU.ActiveCfg = Debug|Any CPU
		{011A77FC-F2C3-4205-B10F-4ED13BBBC46F}.Debug|Any CPU.Build.0 = Debug|Any CPU
		{011A77FC-F2C3-4205-B10F-4ED13BBBC46F}.Debug|x64.ActiveCfg = Debug|Any CPU
		{011A77FC-F2C3-4205-B10F-4ED13BBBC46F}.Debug|x64.Build.0 = Debug|Any CPU
		{011A77FC-F2C3-4205-B10F-4ED13BBBC46F}.Debug|x86.ActiveCfg = Debug|Any CPU
		{011A77FC-F2C3-4205-B10F-4ED13BBBC46F}.Debug|x86.Build.0 = Debug|Any CPU
		{011A77FC-F2C3-4205-B10F-4ED13BBBC46F}.Release|Any CPU.ActiveCfg = Release|Any CPU
		{011A77FC-F2C3-4205-B10F-4ED13BBBC46F}.Release|Any CPU.Build.0 = Release|Any CPU
		{011A77FC-F2C3-4205-B10F-4ED13BBBC46F}.Release|x64.ActiveCfg = Release|Any CPU
		{011A77FC-F2C3-4205-B10F-4ED13BBBC46F}.Release|x64.Build.0 = Release|Any CPU
		{011A77FC-F2C3-4205-B10F-4ED13BBBC46F}.Release|x86.ActiveCfg = Release|Any CPU
		{011A77FC-F2C3-4205-B10F-4ED13BBBC46F}.Release|x86.Build.0 = Release|Any CPU
	EndGlobalSection
	GlobalSection(SolutionProperties) = preSolution
		HideSolutionNode = FALSE
	EndGlobalSection
	GlobalSection(ExtensibilityGlobals) = postSolution
		SolutionGuid = {04FFB77F-AAB9-4F9F-9981-9C504A236195}
	EndGlobalSection
EndGlobal
